
Microsoft Visual Studio Solution File, Format Version 12.00
# Visual Studio Version 16
VisualStudioVersion = 16.0.30204.135
MinimumVisualStudioVersion = 10.0.40219.1
Project("{FAE04EC0-301F-11D3-BF4B-00C04F79EFBC}") = "NSOStringDump", "WordOut\NSOStringDump.csproj", "{A989409C-3B51-42A3-8235-7AF9103A43E2}"
EndProject
Global
	GlobalSection(SolutionConfigurationPlatforms) = preSolution
		Debug|Any CPU = Debug|Any CPU
		Release|Any CPU = Release|Any CPU
	EndGlobalSection
	GlobalSection(ProjectConfigurationPlatforms) = postSolution
		{A989409C-3B51-42A3-8235-7AF9103A43E2}.Debug|Any CPU.ActiveCfg = Debug|Any CPU
		{A989409C-3B51-42A3-8235-7AF9103A43E2}.Debug|Any CPU.Build.0 = Debug|Any CPU
		{A989409C-3B51-42A3-8235-7AF9103A43E2}.Release|Any CPU.ActiveCfg = Release|Any CPU
		{A989409C-3B51-42A3-8235-7AF9103A43E2}.Release|Any CPU.Build.0 = Release|Any CPU
	EndGlobalSection
	GlobalSection(SolutionProperties) = preSolution
		HideSolutionNode = FALSE
	EndGlobalSection
	GlobalSection(ExtensibilityGlobals) = postSolution
		SolutionGuid = {355DF547-F0EA-4811-9E5D-1B056324CC62}
	EndGlobalSection
EndGlobal
